
Microsoft Visual Studio Solution File, Format Version 12.00
# Visual Studio 15
VisualStudioVersion = 15.0.27130.2003
MinimumVisualStudioVersion = 10.0.40219.1
Project("{9A19103F-16F7-4668-BE54-9A1E7A4F7556}") = "01.SortEvenNumber", "01.SortEvenNumber\01.SortEvenNumber.csproj", "{BA03120D-5F50-459D-9F00-10F900CE2764}"
EndProject
Project("{FAE04EC0-301F-11D3-BF4B-00C04F79EFBC}") = "02.SumNumbers", "02.SumNumbers\02.SumNumbers.csproj", "{EB8FE101-D77A-4507-A411-F2448FBC71C9}"
EndProject
Project("{FAE04EC0-301F-11D3-BF4B-00C04F79EFBC}") = "03.CountUppercaseWords", "03.CountUppercaseWords\03.CountUppercaseWords.csproj", "{0CD022AE-E85C-4FC2-BCCB-64707F9F355C}"
EndProject
Project("{FAE04EC0-301F-11D3-BF4B-00C04F79EFBC}") = "04.AddVAT", "04.AddVAT\04.AddVAT.csproj", "{C78982D2-0077-4262-ABB1-F773A0D9A52A}"
EndProject
Project("{FAE04EC0-301F-11D3-BF4B-00C04F79EFBC}") = "05.FilterByAge", "05.FilterByAge\05.FilterByAge.csproj", "{84F84547-A5E1-4C83-8BB6-C77AA09A0E6C}"
EndProject
Global
	GlobalSection(SolutionConfigurationPlatforms) = preSolution
		Debug|Any CPU = Debug|Any CPU
		Release|Any CPU = Release|Any CPU
	EndGlobalSection
	GlobalSection(ProjectConfigurationPlatforms) = postSolution
		{BA03120D-5F50-459D-9F00-10F900CE2764}.Debug|Any CPU.ActiveCfg = Debug|Any CPU
		{BA03120D-5F50-459D-9F00-10F900CE2764}.Debug|Any CPU.Build.0 = Debug|Any CPU
		{BA03120D-5F50-459D-9F00-10F900CE2764}.Release|Any CPU.ActiveCfg = Release|Any CPU
		{BA03120D-5F50-459D-9F00-10F900CE2764}.Release|Any CPU.Build.0 = Release|Any CPU
		{EB8FE101-D77A-4507-A411-F2448FBC71C9}.Debug|Any CPU.ActiveCfg = Debug|Any CPU
		{EB8FE101-D77A-4507-A411-F2448FBC71C9}.Debug|Any CPU.Build.0 = Debug|Any CPU
		{EB8FE101-D77A-4507-A411-F2448FBC71C9}.Release|Any CPU.ActiveCfg = Release|Any CPU
		{EB8FE101-D77A-4507-A411-F2448FBC71C9}.Release|Any CPU.Build.0 = Release|Any CPU
		{0CD022AE-E85C-4FC2-BCCB-64707F9F355C}.Debug|Any CPU.ActiveCfg = Debug|Any CPU
		{0CD022AE-E85C-4FC2-BCCB-64707F9F355C}.Debug|Any CPU.Build.0 = Debug|Any CPU
		{0CD022AE-E85C-4FC2-BCCB-64707F9F355C}.Release|Any CPU.ActiveCfg = Release|Any CPU
		{0CD022AE-E85C-4FC2-BCCB-64707F9F355C}.Release|Any CPU.Build.0 = Release|Any CPU
		{C78982D2-0077-4262-ABB1-F773A0D9A52A}.Debug|Any CPU.ActiveCfg = Debug|Any CPU
		{C78982D2-0077-4262-ABB1-F773A0D9A52A}.Debug|Any CPU.Build.0 = Debug|Any CPU
		{C78982D2-0077-4262-ABB1-F773A0D9A52A}.Release|Any CPU.ActiveCfg = Release|Any CPU
		{C78982D2-0077-4262-ABB1-F773A0D9A52A}.Release|Any CPU.Build.0 = Release|Any CPU
		{84F84547-A5E1-4C83-8BB6-C77AA09A0E6C}.Debug|Any CPU.ActiveCfg = Debug|Any CPU
		{84F84547-A5E1-4C83-8BB6-C77AA09A0E6C}.Debug|Any CPU.Build.0 = Debug|Any CPU
		{84F84547-A5E1-4C83-8BB6-C77AA09A0E6C}.Release|Any CPU.ActiveCfg = Release|Any CPU
		{84F84547-A5E1-4C83-8BB6-C77AA09A0E6C}.Release|Any CPU.Build.0 = Release|Any CPU
	EndGlobalSection
	GlobalSection(SolutionProperties) = preSolution
		HideSolutionNode = FALSE
	EndGlobalSection
	GlobalSection(ExtensibilityGlobals) = postSolution
		SolutionGuid = {59BCC98B-C0DE-4DAF-8F06-8139FDDA3028}
	EndGlobalSection
EndGlobal
