
Microsoft Visual Studio Solution File, Format Version 12.00
# Visual Studio 15
VisualStudioVersion = 15.0.27130.2003
MinimumVisualStudioVersion = 10.0.40219.1
Project("{FAE04EC0-301F-11D3-BF4B-00C04F79EFBC}") = "01.OddLines", "01.OddLines\01.OddLines.csproj", "{41A98B05-AD66-4B87-B620-09A9378D6EC9}"
EndProject
Project("{FAE04EC0-301F-11D3-BF4B-00C04F79EFBC}") = "02.LineNumbers", "02.LineNumbers\02.LineNumbers.csproj", "{3946AB0B-55BC-44C6-B350-0E60B22FDF56}"
EndProject
Project("{FAE04EC0-301F-11D3-BF4B-00C04F79EFBC}") = "03.WordCount", "03.WordCount\03.WordCount.csproj", "{C4027843-737D-49A1-A592-C95C4DAF0EC3}"
EndProject
Project("{FAE04EC0-301F-11D3-BF4B-00C04F79EFBC}") = "04.CopyBinaryFile", "04.CopyBinaryFile\04.CopyBinaryFile.csproj", "{484389A5-E2E0-4F27-A850-FA2E90BA02EC}"
EndProject
Project("{FAE04EC0-301F-11D3-BF4B-00C04F79EFBC}") = "05.SlicingFile", "05.SlicingFile\05.SlicingFile.csproj", "{9B56FBBC-D21E-4606-846B-B8AB08B77F6D}"
EndProject
Project("{FAE04EC0-301F-11D3-BF4B-00C04F79EFBC}") = "06.ZippingSlicedFiles", "06.ZippingSlicedFiles\06.ZippingSlicedFiles.csproj", "{B6424553-8F2A-4200-A508-F01E92208F63}"
EndProject
Project("{FAE04EC0-301F-11D3-BF4B-00C04F79EFBC}") = "07.DirectoryTraversal", "07.DirectoryTraversal\07.DirectoryTraversal.csproj", "{97C0E7E5-E76E-462D-88B1-188EE959081B}"
EndProject
Project("{FAE04EC0-301F-11D3-BF4B-00C04F79EFBC}") = "08.FullDirectoryTraversal", "08.FullDirectoryTraversal\08.FullDirectoryTraversal.csproj", "{ABAD7294-3C31-4FCB-9B89-A828403B4268}"
EndProject
Project("{FAE04EC0-301F-11D3-BF4B-00C04F79EFBC}") = "09.HTTPserver", "09.HTTPserver\09.HTTPserver.csproj", "{A8056B8D-C8B5-4D02-AF12-1914B459BD04}"
EndProject
Global
	GlobalSection(SolutionConfigurationPlatforms) = preSolution
		Debug|Any CPU = Debug|Any CPU
		Release|Any CPU = Release|Any CPU
	EndGlobalSection
	GlobalSection(ProjectConfigurationPlatforms) = postSolution
		{41A98B05-AD66-4B87-B620-09A9378D6EC9}.Debug|Any CPU.ActiveCfg = Debug|Any CPU
		{41A98B05-AD66-4B87-B620-09A9378D6EC9}.Debug|Any CPU.Build.0 = Debug|Any CPU
		{41A98B05-AD66-4B87-B620-09A9378D6EC9}.Release|Any CPU.ActiveCfg = Release|Any CPU
		{41A98B05-AD66-4B87-B620-09A9378D6EC9}.Release|Any CPU.Build.0 = Release|Any CPU
		{3946AB0B-55BC-44C6-B350-0E60B22FDF56}.Debug|Any CPU.ActiveCfg = Debug|Any CPU
		{3946AB0B-55BC-44C6-B350-0E60B22FDF56}.Debug|Any CPU.Build.0 = Debug|Any CPU
		{3946AB0B-55BC-44C6-B350-0E60B22FDF56}.Release|Any CPU.ActiveCfg = Release|Any CPU
		{3946AB0B-55BC-44C6-B350-0E60B22FDF56}.Release|Any CPU.Build.0 = Release|Any CPU
		{C4027843-737D-49A1-A592-C95C4DAF0EC3}.Debug|Any CPU.ActiveCfg = Debug|Any CPU
		{C4027843-737D-49A1-A592-C95C4DAF0EC3}.Debug|Any CPU.Build.0 = Debug|Any CPU
		{C4027843-737D-49A1-A592-C95C4DAF0EC3}.Release|Any CPU.ActiveCfg = Release|Any CPU
		{C4027843-737D-49A1-A592-C95C4DAF0EC3}.Release|Any CPU.Build.0 = Release|Any CPU
		{484389A5-E2E0-4F27-A850-FA2E90BA02EC}.Debug|Any CPU.ActiveCfg = Debug|Any CPU
		{484389A5-E2E0-4F27-A850-FA2E90BA02EC}.Debug|Any CPU.Build.0 = Debug|Any CPU
		{484389A5-E2E0-4F27-A850-FA2E90BA02EC}.Release|Any CPU.ActiveCfg = Release|Any CPU
		{484389A5-E2E0-4F27-A850-FA2E90BA02EC}.Release|Any CPU.Build.0 = Release|Any CPU
		{9B56FBBC-D21E-4606-846B-B8AB08B77F6D}.Debug|Any CPU.ActiveCfg = Debug|Any CPU
		{9B56FBBC-D21E-4606-846B-B8AB08B77F6D}.Debug|Any CPU.Build.0 = Debug|Any CPU
		{9B56FBBC-D21E-4606-846B-B8AB08B77F6D}.Release|Any CPU.ActiveCfg = Release|Any CPU
		{9B56FBBC-D21E-4606-846B-B8AB08B77F6D}.Release|Any CPU.Build.0 = Release|Any CPU
		{B6424553-8F2A-4200-A508-F01E92208F63}.Debug|Any CPU.ActiveCfg = Debug|Any CPU
		{B6424553-8F2A-4200-A508-F01E92208F63}.Debug|Any CPU.Build.0 = Debug|Any CPU
		{B6424553-8F2A-4200-A508-F01E92208F63}.Release|Any CPU.ActiveCfg = Release|Any CPU
		{B6424553-8F2A-4200-A508-F01E92208F63}.Release|Any CPU.Build.0 = Release|Any CPU
		{97C0E7E5-E76E-462D-88B1-188EE959081B}.Debug|Any CPU.ActiveCfg = Debug|Any CPU
		{97C0E7E5-E76E-462D-88B1-188EE959081B}.Debug|Any CPU.Build.0 = Debug|Any CPU
		{97C0E7E5-E76E-462D-88B1-188EE959081B}.Release|Any CPU.ActiveCfg = Release|Any CPU
		{97C0E7E5-E76E-462D-88B1-188EE959081B}.Release|Any CPU.Build.0 = Release|Any CPU
		{ABAD7294-3C31-4FCB-9B89-A828403B4268}.Debug|Any CPU.ActiveCfg = Debug|Any CPU
		{ABAD7294-3C31-4FCB-9B89-A828403B4268}.Debug|Any CPU.Build.0 = Debug|Any CPU
		{ABAD7294-3C31-4FCB-9B89-A828403B4268}.Release|Any CPU.ActiveCfg = Release|Any CPU
		{ABAD7294-3C31-4FCB-9B89-A828403B4268}.Release|Any CPU.Build.0 = Release|Any CPU
		{A8056B8D-C8B5-4D02-AF12-1914B459BD04}.Debug|Any CPU.ActiveCfg = Debug|Any CPU
		{A8056B8D-C8B5-4D02-AF12-1914B459BD04}.Debug|Any CPU.Build.0 = Debug|Any CPU
		{A8056B8D-C8B5-4D02-AF12-1914B459BD04}.Release|Any CPU.ActiveCfg = Release|Any CPU
		{A8056B8D-C8B5-4D02-AF12-1914B459BD04}.Release|Any CPU.Build.0 = Release|Any CPU
	EndGlobalSection
	GlobalSection(SolutionProperties) = preSolution
		HideSolutionNode = FALSE
	EndGlobalSection
	GlobalSection(ExtensibilityGlobals) = postSolution
		SolutionGuid = {5FA2A9EA-E417-4614-92AB-F767C3E4C111}
	EndGlobalSection
EndGlobal
